
Microsoft Visual Studio Solution File, Format Version 12.00
# Visual Studio Version 17
VisualStudioVersion = 17.7.34031.279
MinimumVisualStudioVersion = 10.0.40219.1
Project("{FAE04EC0-301F-11D3-BF4B-00C04F79EFBC}") = "Condition operators Project 4", "Condition operators Project 4\Condition operators Project 4.csproj", "{774C0F36-483A-4AEF-B209-8BB02BB7D292}"
EndProject
Global
	GlobalSection(SolutionConfigurationPlatforms) = preSolution
		Debug|Any CPU = Debug|Any CPU
		Release|Any CPU = Release|Any CPU
	EndGlobalSection
	GlobalSection(ProjectConfigurationPlatforms) = postSolution
		{774C0F36-483A-4AEF-B209-8BB02BB7D292}.Debug|Any CPU.ActiveCfg = Debug|Any CPU
		{774C0F36-483A-4AEF-B209-8BB02BB7D292}.Debug|Any CPU.Build.0 = Debug|Any CPU
		{774C0F36-483A-4AEF-B209-8BB02BB7D292}.Release|Any CPU.ActiveCfg = Release|Any CPU
		{774C0F36-483A-4AEF-B209-8BB02BB7D292}.Release|Any CPU.Build.0 = Release|Any CPU
	EndGlobalSection
	GlobalSection(SolutionProperties) = preSolution
		HideSolutionNode = FALSE
	EndGlobalSection
	GlobalSection(ExtensibilityGlobals) = postSolution
		SolutionGuid = {E43E2FB9-B350-4BC1-9595-A0B86613A110}
	EndGlobalSection
EndGlobal
